
Microsoft Visual Studio Solution File, Format Version 12.00
# Visual Studio 15
VisualStudioVersion = 15.0.28307.136
MinimumVisualStudioVersion = 10.0.40219.1
Project("{8BC9CEB8-8B4A-11D0-8D11-00A0C91BC942}") = "PathFinder", "PathFinder\PathFinder.vcxproj", "{AE833DEE-6F06-48FE-99FB-C092045A9E48}"
EndProject
Global
	GlobalSection(SolutionConfigurationPlatforms) = preSolution
		Debug|x64 = Debug|x64
		Debug|x86 = Debug|x86
		Release|x64 = Release|x64
		Release|x86 = Release|x86
	EndGlobalSection
	GlobalSection(ProjectConfigurationPlatforms) = postSolution
		{AE833DEE-6F06-48FE-99FB-C092045A9E48}.Debug|x64.ActiveCfg = Debug|x64
		{AE833DEE-6F06-48FE-99FB-C092045A9E48}.Debug|x64.Build.0 = Debug|x64
		{AE833DEE-6F06-48FE-99FB-C092045A9E48}.Debug|x86.ActiveCfg = Debug|Win32
		{AE833DEE-6F06-48FE-99FB-C092045A9E48}.Debug|x86.Build.0 = Debug|Win32
		{AE833DEE-6F06-48FE-99FB-C092045A9E48}.Release|x64.ActiveCfg = Release|x64
		{AE833DEE-6F06-48FE-99FB-C092045A9E48}.Release|x64.Build.0 = Release|x64
		{AE833DEE-6F06-48FE-99FB-C092045A9E48}.Release|x86.ActiveCfg = Release|Win32
		{AE833DEE-6F06-48FE-99FB-C092045A9E48}.Release|x86.Build.0 = Release|Win32
	EndGlobalSection
	GlobalSection(SolutionProperties) = preSolution
		HideSolutionNode = FALSE
	EndGlobalSection
	GlobalSection(ExtensibilityGlobals) = postSolution
		SolutionGuid = {5AFC6F6C-B439-4CA1-9ED1-3292F0814E5C}
	EndGlobalSection
EndGlobal
